
Microsoft Visual Studio Solution File, Format Version 12.00
# Visual Studio Version 17
VisualStudioVersion = 17.5.33502.453
MinimumVisualStudioVersion = 10.0.40219.1
Project("{FAE04EC0-301F-11D3-BF4B-00C04F79EFBC}") = "API", "API\API.csproj", "{9F62516B-6BA9-4C34-9E81-8E3C918BEF9D}"
EndProject
Project("{FAE04EC0-301F-11D3-BF4B-00C04F79EFBC}") = "Infrastructure", "Infrastructure\Infrastructure.csproj", "{18B333F9-85D9-4D99-8341-CC1E3015100E}"
EndProject
Project("{FAE04EC0-301F-11D3-BF4B-00C04F79EFBC}") = "Application", "Application\Application.csproj", "{EB5845FE-D7E7-4609-8AC9-58F3F5FFDAA4}"
EndProject
Project("{FAE04EC0-301F-11D3-BF4B-00C04F79EFBC}") = "Domain", "Domain\Domain.csproj", "{4E063B21-7A55-4FFC-8E14-71A160CC850B}"
EndProject
Global
	GlobalSection(SolutionConfigurationPlatforms) = preSolution
		Debug|Any CPU = Debug|Any CPU
		Release|Any CPU = Release|Any CPU
	EndGlobalSection
	GlobalSection(ProjectConfigurationPlatforms) = postSolution
		{9F62516B-6BA9-4C34-9E81-8E3C918BEF9D}.Debug|Any CPU.ActiveCfg = Debug|Any CPU
		{9F62516B-6BA9-4C34-9E81-8E3C918BEF9D}.Debug|Any CPU.Build.0 = Debug|Any CPU
		{9F62516B-6BA9-4C34-9E81-8E3C918BEF9D}.Release|Any CPU.ActiveCfg = Release|Any CPU
		{9F62516B-6BA9-4C34-9E81-8E3C918BEF9D}.Release|Any CPU.Build.0 = Release|Any CPU
		{18B333F9-85D9-4D99-8341-CC1E3015100E}.Debug|Any CPU.ActiveCfg = Debug|Any CPU
		{18B333F9-85D9-4D99-8341-CC1E3015100E}.Debug|Any CPU.Build.0 = Debug|Any CPU
		{18B333F9-85D9-4D99-8341-CC1E3015100E}.Release|Any CPU.ActiveCfg = Release|Any CPU
		{18B333F9-85D9-4D99-8341-CC1E3015100E}.Release|Any CPU.Build.0 = Release|Any CPU
		{EB5845FE-D7E7-4609-8AC9-58F3F5FFDAA4}.Debug|Any CPU.ActiveCfg = Debug|Any CPU
		{EB5845FE-D7E7-4609-8AC9-58F3F5FFDAA4}.Debug|Any CPU.Build.0 = Debug|Any CPU
		{EB5845FE-D7E7-4609-8AC9-58F3F5FFDAA4}.Release|Any CPU.ActiveCfg = Release|Any CPU
		{EB5845FE-D7E7-4609-8AC9-58F3F5FFDAA4}.Release|Any CPU.Build.0 = Release|Any CPU
		{4E063B21-7A55-4FFC-8E14-71A160CC850B}.Debug|Any CPU.ActiveCfg = Debug|Any CPU
		{4E063B21-7A55-4FFC-8E14-71A160CC850B}.Debug|Any CPU.Build.0 = Debug|Any CPU
		{4E063B21-7A55-4FFC-8E14-71A160CC850B}.Release|Any CPU.ActiveCfg = Release|Any CPU
		{4E063B21-7A55-4FFC-8E14-71A160CC850B}.Release|Any CPU.Build.0 = Release|Any CPU
	EndGlobalSection
	GlobalSection(SolutionProperties) = preSolution
		HideSolutionNode = FALSE
	EndGlobalSection
	GlobalSection(ExtensibilityGlobals) = postSolution
		SolutionGuid = {988C70C8-9587-4FF4-B500-3F3C16CCC94A}
	EndGlobalSection
EndGlobal
